
Microsoft Visual Studio Solution File, Format Version 12.00
# Visual Studio Version 16
VisualStudioVersion = 16.0.31112.23
MinimumVisualStudioVersion = 10.0.40219.1
Project("{FAE04EC0-301F-11D3-BF4B-00C04F79EFBC}") = "CoffeDeliveryDB_API", "CoffeDeliveryDB_API\CoffeDeliveryDB_API.csproj", "{1C0A5768-6682-4B3E-9810-8F06906DB1F1}"
EndProject
Global
	GlobalSection(SolutionConfigurationPlatforms) = preSolution
		Debug|Any CPU = Debug|Any CPU
		Release|Any CPU = Release|Any CPU
	EndGlobalSection
	GlobalSection(ProjectConfigurationPlatforms) = postSolution
		{1C0A5768-6682-4B3E-9810-8F06906DB1F1}.Debug|Any CPU.ActiveCfg = Debug|Any CPU
		{1C0A5768-6682-4B3E-9810-8F06906DB1F1}.Debug|Any CPU.Build.0 = Debug|Any CPU
		{1C0A5768-6682-4B3E-9810-8F06906DB1F1}.Release|Any CPU.ActiveCfg = Release|Any CPU
		{1C0A5768-6682-4B3E-9810-8F06906DB1F1}.Release|Any CPU.Build.0 = Release|Any CPU
	EndGlobalSection
	GlobalSection(SolutionProperties) = preSolution
		HideSolutionNode = FALSE
	EndGlobalSection
	GlobalSection(ExtensibilityGlobals) = postSolution
		SolutionGuid = {506105F9-5AE3-4ED0-B5A9-937D95218BA1}
	EndGlobalSection
EndGlobal
